
Microsoft Visual Studio Solution File, Format Version 12.00
# Visual Studio Version 16
VisualStudioVersion = 16.0.29306.81
MinimumVisualStudioVersion = 10.0.40219.1
Project("{FAE04EC0-301F-11D3-BF4B-00C04F79EFBC}") = "MyLib", "MyLib\MyLib.csproj", "{DC7E7B32-CE4B-41DB-B1DF-BC363ED2F7B1}"
EndProject
Project("{FAE04EC0-301F-11D3-BF4B-00C04F79EFBC}") = "Mybibl", "Mybibl\Mybibl.csproj", "{F1C136CA-4162-4302-84B5-1D7706C0AB1B}"
EndProject
Global
	GlobalSection(SolutionConfigurationPlatforms) = preSolution
		Debug|Any CPU = Debug|Any CPU
		Release|Any CPU = Release|Any CPU
	EndGlobalSection
	GlobalSection(ProjectConfigurationPlatforms) = postSolution
		{DC7E7B32-CE4B-41DB-B1DF-BC363ED2F7B1}.Debug|Any CPU.ActiveCfg = Debug|Any CPU
		{DC7E7B32-CE4B-41DB-B1DF-BC363ED2F7B1}.Debug|Any CPU.Build.0 = Debug|Any CPU
		{DC7E7B32-CE4B-41DB-B1DF-BC363ED2F7B1}.Release|Any CPU.ActiveCfg = Release|Any CPU
		{DC7E7B32-CE4B-41DB-B1DF-BC363ED2F7B1}.Release|Any CPU.Build.0 = Release|Any CPU
		{F1C136CA-4162-4302-84B5-1D7706C0AB1B}.Debug|Any CPU.ActiveCfg = Debug|Any CPU
		{F1C136CA-4162-4302-84B5-1D7706C0AB1B}.Debug|Any CPU.Build.0 = Debug|Any CPU
		{F1C136CA-4162-4302-84B5-1D7706C0AB1B}.Release|Any CPU.ActiveCfg = Release|Any CPU
		{F1C136CA-4162-4302-84B5-1D7706C0AB1B}.Release|Any CPU.Build.0 = Release|Any CPU
	EndGlobalSection
	GlobalSection(SolutionProperties) = preSolution
		HideSolutionNode = FALSE
	EndGlobalSection
	GlobalSection(ExtensibilityGlobals) = postSolution
		SolutionGuid = {AF80AB93-06F6-42A3-AFB7-119E0161F752}
	EndGlobalSection
EndGlobal
